Microsoft Visual Studio Solution File, Format Version 12.00
# Visual Studio Version 17
VisualStudioVersion = 17.2.32516.85
MinimumVisualStudioVersion = 10.0.40219.1
Project("{8BC9CEB8-8B4A-11D0-8D11-00A0C91BC942}") = "ConsoleApplication1", "ConsoleApplication1\ConsoleApplication1.vcxproj", "{C101D574-8A26-4F3D-8AC7-16175A42B6C8}"
EndProject
Project("{8BC9CEB8-8B4A-11D0-8D11-00A0C91BC942}") = "Program8_pi", "Program8_pi\Program8_pi.vcxproj", "{BAA340AE-8C57-466C-80FB-9B6AE755DA13}"
EndProject
Project("{8BC9CEB8-8B4A-11D0-8D11-00A0C91BC942}") = "Program6_area", "Program6_area\Program6_area.vcxproj", "{DBC6553E-8F7F-4A6D-9FAB-8947F4B29558}"
EndProject
Project("{8BC9CEB8-8B4A-11D0-8D11-00A0C91BC942}") = "Program7_converting", "Program7_converting\Program7_converting.vcxproj", "{552AD605-547A-4754-88EB-C147B07E27A4}"
EndProject
Project("{8BC9CEB8-8B4A-11D0-8D11-00A0C91BC942}") = "Program 5 Increment Decrement Operators", "Program 5 Increment Decrement Operators\Program 5 Increment Decrement Operators.vcxproj", "{BE04A1C4-1A19-42F5-AFE0-E6DC67D804ED}"
EndProject
Project("{8BC9CEB8-8B4A-11D0-8D11-00A0C91BC942}") = "Data Types", "Data Types\Data Types.vcxproj", "{014056C8-E6A3-4845-9763-E765EA6ECD77}"
EndProject
Project("{8BC9CEB8-8B4A-11D0-8D11-00A0C91BC942}") = "Program3_definingVariables", "Program3_definingVariables\Program3_definingVariables.vcxproj", "{117A8169-87F9-4903-89E6-901C2D42AFDA}"
EndProject
Project("{8BC9CEB8-8B4A-11D0-8D11-00A0C91BC942}") = "Program10_ShareOfHaribo", "Program10_ShareOfHaribo\Program10_ShareOfHaribo.vcxproj", "{CABDF783-B4B3-4CAC-82F7-466F5258293E}"
EndProject
Project("{8BC9CEB8-8B4A-11D0-8D11-00A0C91BC942}") = "Program9_ShareofSavings", "Project9_ShareofSavings\Project9_ShareofSavings.vcxproj", "{2D7559DA-6391-4B17-9DA0-912C2836DB7A}"
EndProject
Project("{8BC9CEB8-8B4A-11D0-8D11-00A0C91BC942}") = "Program11_Difficulty_Measure", "Program11_Difficulty_Measure\Program11_Difficulty_Measure.vcxproj", "{AD7CCB79-8F89-42CB-962C-F6AA55C34466}"
EndProject
Project("{8BC9CEB8-8B4A-11D0-8D11-00A0C91BC942}") = "Program12_this-then-that", "Program12_this-then-that\Program12_this-then-that.vcxproj", "{FC4ABF2C-60BF-423F-AF3E-737622037097}"
EndProject
Project("{8BC9CEB8-8B4A-11D0-8D11-00A0C91BC942}") = "Program13_DiscountedIfElse", "Program13_DiscountedIfElse\Program13_DiscountedIfElse.vcxproj", "{6AE99806-7D27-4D9C-95B0-2525CC9F805E}"
EndProject
Project("{8BC9CEB8-8B4A-11D0-8D11-00A0C91BC942}") = "Program14_MeanOfNumbers", "Program14_MeanOfNumbers\Program14_MeanOfNumbers.vcxproj", "{FECB6E26-79A6-4A98-A8CF-11FD1ED80AA4}"
EndProject
Project("{8BC9CEB8-8B4A-11D0-8D11-00A0C91BC942}") = "Project15_StarryOutput", "Project15_StarryOutput\Project15_StarryOutput.vcxproj", "{16D56C45-31A1-4CF5-84F1-4CBE4FA55E71}"
EndProject
Global
	GlobalSection(SolutionConfigurationPlatforms) = preSolution
		Debug|x64 = Debug|x64
		Debug|x86 = Debug|x86
		Release|x64 = Release|x64
		Release|x86 = Release|x86
	EndGlobalSection
	GlobalSection(ProjectConfigurationPlatforms) = postSolution
		{C101D574-8A26-4F3D-8AC7-16175A42B6C8}.Debug|x64.ActiveCfg = Debug|x64
		{C101D574-8A26-4F3D-8AC7-16175A42B6C8}.Debug|x64.Build.0 = Debug|x64
		{C101D574-8A26-4F3D-8AC7-16175A42B6C8}.Debug|x86.ActiveCfg = Debug|Win32
		{C101D574-8A26-4F3D-8AC7-16175A42B6C8}.Debug|x86.Build.0 = Debug|Win32
		{C101D574-8A26-4F3D-8AC7-16175A42B6C8}.Release|x64.ActiveCfg = Release|x64
		{C101D574-8A26-4F3D-8AC7-16175A42B6C8}.Release|x64.Build.0 = Release|x64
		{C101D574-8A26-4F3D-8AC7-16175A42B6C8}.Release|x86.ActiveCfg = Release|Win32
		{C101D574-8A26-4F3D-8AC7-16175A42B6C8}.Release|x86.Build.0 = Release|Win32
		{BAA340AE-8C57-466C-80FB-9B6AE755DA13}.Debug|x64.ActiveCfg = Debug|x64
		{BAA340AE-8C57-466C-80FB-9B6AE755DA13}.Debug|x64.Build.0 = Debug|x64
		{BAA340AE-8C57-466C-80FB-9B6AE755DA13}.Debug|x86.ActiveCfg = Debug|Win32
		{BAA340AE-8C57-466C-80FB-9B6AE755DA13}.Debug|x86.Build.0 = Debug|Win32
		{BAA340AE-8C57-466C-80FB-9B6AE755DA13}.Release|x64.ActiveCfg = Release|x64
		{BAA340AE-8C57-466C-80FB-9B6AE755DA13}.Release|x64.Build.0 = Release|x64
		{BAA340AE-8C57-466C-80FB-9B6AE755DA13}.Release|x86.ActiveCfg = Release|Win32
		{BAA340AE-8C57-466C-80FB-9B6AE755DA13}.Release|x86.Build.0 = Release|Win32
		{DBC6553E-8F7F-4A6D-9FAB-8947F4B29558}.Debug|x64.ActiveCfg = Debug|x64
		{DBC6553E-8F7F-4A6D-9FAB-8947F4B29558}.Debug|x64.Build.0 = Debug|x64
		{DBC6553E-8F7F-4A6D-9FAB-8947F4B29558}.Debug|x86.ActiveCfg = Debug|Win32
		{DBC6553E-8F7F-4A6D-9FAB-8947F4B29558}.Debug|x86.Build.0 = Debug|Win32
		{DBC6553E-8F7F-4A6D-9FAB-8947F4B29558}.Release|x64.ActiveCfg = Release|x64
		{DBC6553E-8F7F-4A6D-9FAB-8947F4B29558}.Release|x64.Build.0 = Release|x64
		{DBC6553E-8F7F-4A6D-9FAB-8947F4B29558}.Release|x86.ActiveCfg = Release|Win32
		{DBC6553E-8F7F-4A6D-9FAB-8947F4B29558}.Release|x86.Build.0 = Release|Win32
		{552AD605-547A-4754-88EB-C147B07E27A4}.Debug|x64.ActiveCfg = Debug|x64
		{552AD605-547A-4754-88EB-C147B07E27A4}.Debug|x64.Build.0 = Debug|x64
		{552AD605-547A-4754-88EB-C147B07E27A4}.Debug|x86.ActiveCfg = Debug|Win32
		{552AD605-547A-4754-88EB-C147B07E27A4}.Debug|x86.Build.0 = Debug|Win32
		{552AD605-547A-4754-88EB-C147B07E27A4}.Release|x64.ActiveCfg = Release|x64
		{552AD605-547A-4754-88EB-C147B07E27A4}.Release|x64.Build.0 = Release|x64
		{552AD605-547A-4754-88EB-C147B07E27A4}.Release|x86.ActiveCfg = Release|Win32
		{552AD605-547A-4754-88EB-C147B07E27A4}.Release|x86.Build.0 = Release|Win32
		{BE04A1C4-1A19-42F5-AFE0-E6DC67D804ED}.Debug|x64.ActiveCfg = Debug|x64
		{BE04A1C4-1A19-42F5-AFE0-E6DC67D804ED}.Debug|x64.Build.0 = Debug|x64
		{BE04A1C4-1A19-42F5-AFE0-E6DC67D804ED}.Debug|x86.ActiveCfg = Debug|Win32
		{BE04A1C4-1A19-42F5-AFE0-E6DC67D804ED}.Debug|x86.Build.0 = Debug|Win32
		{BE04A1C4-1A19-42F5-AFE0-E6DC67D804ED}.Release|x64.ActiveCfg = Release|x64
		{BE04A1C4-1A19-42F5-AFE0-E6DC67D804ED}.Release|x64.Build.0 = Release|x64
		{BE04A1C4-1A19-42F5-AFE0-E6DC67D804ED}.Release|x86.ActiveCfg = Release|Win32
		{BE04A1C4-1A19-42F5-AFE0-E6DC67D804ED}.Release|x86.Build.0 = Release|Win32
		{014056C8-E6A3-4845-9763-E765EA6ECD77}.Debug|x64.ActiveCfg = Debug|x64
		{014056C8-E6A3-4845-9763-E765EA6ECD77}.Debug|x64.Build.0 = Debug|x64
		{014056C8-E6A3-4845-9763-E765EA6ECD77}.Debug|x86.ActiveCfg = Debug|Win32
		{014056C8-E6A3-4845-9763-E765EA6ECD77}.Debug|x86.Build.0 = Debug|Win32
		{014056C8-E6A3-4845-9763-E765EA6ECD77}.Release|x64.ActiveCfg = Release|x64
		{014056C8-E6A3-4845-9763-E765EA6ECD77}.Release|x64.Build.0 = Release|x64
		{014056C8-E6A3-4845-9763-E765EA6ECD77}.Release|x86.ActiveCfg = Release|Win32
		{014056C8-E6A3-4845-9763-E765EA6ECD77}.Release|x86.Build.0 = Release|Win32
		{117A8169-87F9-4903-89E6-901C2D42AFDA}.Debug|x64.ActiveCfg = Debug|x64
		{117A8169-87F9-4903-89E6-901C2D42AFDA}.Debug|x64.Build.0 = Debug|x64
		{117A8169-87F9-4903-89E6-901C2D42AFDA}.Debug|x86.ActiveCfg = Debug|Win32
		{117A8169-87F9-4903-89E6-901C2D42AFDA}.Debug|x86.Build.0 = Debug|Win32
		{117A8169-87F9-4903-89E6-901C2D42AFDA}.Release|x64.ActiveCfg = Release|x64
		{117A8169-87F9-4903-89E6-901C2D42AFDA}.Release|x64.Build.0 = Release|x64
		{117A8169-87F9-4903-89E6-901C2D42AFDA}.Release|x86.ActiveCfg = Release|Win32
		{117A8169-87F9-4903-89E6-901C2D42AFDA}.Release|x86.Build.0 = Release|Win32
		{CABDF783-B4B3-4CAC-82F7-466F5258293E}.Debug|x64.ActiveCfg = Debug|x64
		{CABDF783-B4B3-4CAC-82F7-466F5258293E}.Debug|x64.Build.0 = Debug|x64
		{CABDF783-B4B3-4CAC-82F7-466F5258293E}.Debug|x86.ActiveCfg = Debug|Win32
		{CABDF783-B4B3-4CAC-82F7-466F5258293E}.Debug|x86.Build.0 = Debug|Win32
		{CABDF783-B4B3-4CAC-82F7-466F5258293E}.Release|x64.ActiveCfg = Release|x64
		{CABDF783-B4B3-4CAC-82F7-466F5258293E}.Release|x64.Build.0 = Release|x64
		{CABDF783-B4B3-4CAC-82F7-466F5258293E}.Release|x86.ActiveCfg = Release|Win32
		{CABDF783-B4B3-4CAC-82F7-466F5258293E}.Release|x86.Build.0 = Release|Win32
		{2D7559DA-6391-4B17-9DA0-912C2836DB7A}.Debug|x64.ActiveCfg = Debug|x64
		{2D7559DA-6391-4B17-9DA0-912C2836DB7A}.Debug|x64.Build.0 = Debug|x64
		{2D7559DA-6391-4B17-9DA0-912C2836DB7A}.Debug|x86.ActiveCfg = Debug|Win32
		{2D7559DA-6391-4B17-9DA0-912C2836DB7A}.Debug|x86.Build.0 = Debug|Win32
		{2D7559DA-6391-4B17-9DA0-912C2836DB7A}.Release|x64.ActiveCfg = Release|x64
		{2D7559DA-6391-4B17-9DA0-912C2836DB7A}.Release|x64.Build.0 = Release|x64
		{2D7559DA-6391-4B17-9DA0-912C2836DB7A}.Release|x86.ActiveCfg = Release|Win32
		{2D7559DA-6391-4B17-9DA0-912C2836DB7A}.Release|x86.Build.0 = Release|Win32
		{AD7CCB79-8F89-42CB-962C-F6AA55C34466}.Debug|x64.ActiveCfg = Debug|x64
		{AD7CCB79-8F89-42CB-962C-F6AA55C34466}.Debug|x64.Build.0 = Debug|x64
		{AD7CCB79-8F89-42CB-962C-F6AA55C34466}.Debug|x86.ActiveCfg = Debug|Win32
		{AD7CCB79-8F89-42CB-962C-F6AA55C34466}.Debug|x86.Build.0 = Debug|Win32
		{AD7CCB79-8F89-42CB-962C-F6AA55C34466}.Release|x64.ActiveCfg = Release|x64
		{AD7CCB79-8F89-42CB-962C-F6AA55C34466}.Release|x64.Build.0 = Release|x64
		{AD7CCB79-8F89-42CB-962C-F6AA55C34466}.Release|x86.ActiveCfg = Release|Win32
		{AD7CCB79-8F89-42CB-962C-F6AA55C34466}.Release|x86.Build.0 = Release|Win32
		{FC4ABF2C-60BF-423F-AF3E-737622037097}.Debug|x64.ActiveCfg = Debug|x64
		{FC4ABF2C-60BF-423F-AF3E-737622037097}.Debug|x64.Build.0 = Debug|x64
		{FC4ABF2C-60BF-423F-AF3E-737622037097}.Debug|x86.ActiveCfg = Debug|Win32
		{FC4ABF2C-60BF-423F-AF3E-737622037097}.Debug|x86.Build.0 = Debug|Win32
		{FC4ABF2C-60BF-423F-AF3E-737622037097}.Release|x64.ActiveCfg = Release|x64
		{FC4ABF2C-60BF-423F-AF3E-737622037097}.Release|x64.Build.0 = Release|x64
		{FC4ABF2C-60BF-423F-AF3E-737622037097}.Release|x86.ActiveCfg = Release|Win32
		{FC4ABF2C-60BF-423F-AF3E-737622037097}.Release|x86.Build.0 = Release|Win32
		{6AE99806-7D27-4D9C-95B0-2525CC9F805E}.Debug|x64.ActiveCfg = Debug|x64
		{6AE99806-7D27-4D9C-95B0-2525CC9F805E}.Debug|x64.Build.0 = Debug|x64
		{6AE99806-7D27-4D9C-95B0-2525CC9F805E}.Debug|x86.ActiveCfg = Debug|Win32
		{6AE99806-7D27-4D9C-95B0-2525CC9F805E}.Debug|x86.Build.0 = Debug|Win32
		{6AE99806-7D27-4D9C-95B0-2525CC9F805E}.Release|x64.ActiveCfg = Release|x64
		{6AE99806-7D27-4D9C-95B0-2525CC9F805E}.Release|x64.Build.0 = Release|x64
		{6AE99806-7D27-4D9C-95B0-2525CC9F805E}.Release|x86.ActiveCfg = Release|Win32
		{6AE99806-7D27-4D9C-95B0-2525CC9F805E}.Release|x86.Build.0 = Release|Win32
		{FECB6E26-79A6-4A98-A8CF-11FD1ED80AA4}.Debug|x64.ActiveCfg = Debug|x64
		{FECB6E26-79A6-4A98-A8CF-11FD1ED80AA4}.Debug|x64.Build.0 = Debug|x64
		{FECB6E26-79A6-4A98-A8CF-11FD1ED80AA4}.Debug|x86.ActiveCfg = Debug|Win32
		{FECB6E26-79A6-4A98-A8CF-11FD1ED80AA4}.Debug|x86.Build.0 = Debug|Win32
		{FECB6E26-79A6-4A98-A8CF-11FD1ED80AA4}.Release|x64.ActiveCfg = Release|x64
		{FECB6E26-79A6-4A98-A8CF-11FD1ED80AA4}.Release|x64.Build.0 = Release|x64
		{FECB6E26-79A6-4A98-A8CF-11FD1ED80AA4}.Release|x86.ActiveCfg = Release|Win32
		{FECB6E26-79A6-4A98-A8CF-11FD1ED80AA4}.Release|x86.Build.0 = Release|Win32
		{16D56C45-31A1-4CF5-84F1-4CBE4FA55E71}.Debug|x64.ActiveCfg = Debug|x64
		{16D56C45-31A1-4CF5-84F1-4CBE4FA55E71}.Debug|x64.Build.0 = Debug|x64
		{16D56C45-31A1-4CF5-84F1-4CBE4FA55E71}.Debug|x86.ActiveCfg = Debug|Win32
		{16D56C45-31A1-4CF5-84F1-4CBE4FA55E71}.Debug|x86.Build.0 = Debug|Win32
		{16D56C45-31A1-4CF5-84F1-4CBE4FA55E71}.Release|x64.ActiveCfg = Release|x64
		{16D56C45-31A1-4CF5-84F1-4CBE4FA55E71}.Release|x64.Build.0 = Release|x64
		{16D56C45-31A1-4CF5-84F1-4CBE4FA55E71}.Release|x86.ActiveCfg = Release|Win32
		{16D56C45-31A1-4CF5-84F1-4CBE4FA55E71}.Release|x86.Build.0 = Release|Win32
	EndGlobalSection
	GlobalSection(SolutionProperties) = preSolution
		HideSolutionNode = FALSE
	EndGlobalSection
	GlobalSection(ExtensibilityGlobals) = postSolution
		SolutionGuid = {38E92E91-304F-4032-A6E5-350D7509C008}
	EndGlobalSection
EndGlobal
